
Microsoft Visual Studio Solution File, Format Version 12.00
# Visual Studio 15
VisualStudioVersion = 15.0.27703.2035
MinimumVisualStudioVersion = 10.0.40219.1
Project("{888888A0-9F3D-457C-B088-3A5042F75D52}") = "Generators", "Generators\Generators.pyproj", "{F26BF0B0-E668-4B71-987D-E134EA46E38E}"
EndProject
Global
	GlobalSection(SolutionConfigurationPlatforms) = preSolution
		Debug|Any CPU = Debug|Any CPU
		Release|Any CPU = Release|Any CPU
	EndGlobalSection
	GlobalSection(ProjectConfigurationPlatforms) = postSolution
		{F26BF0B0-E668-4B71-987D-E134EA46E38E}.Debug|Any CPU.ActiveCfg = Debug|Any CPU
		{F26BF0B0-E668-4B71-987D-E134EA46E38E}.Release|Any CPU.ActiveCfg = Release|Any CPU
	EndGlobalSection
	GlobalSection(SolutionProperties) = preSolution
		HideSolutionNode = FALSE
	EndGlobalSection
	GlobalSection(ExtensibilityGlobals) = postSolution
		SolutionGuid = {A7B7D6CE-F89B-4C07-B471-48395EE8468E}
	EndGlobalSection
EndGlobal
